# This file is generated by running "yarn install" inside your project.
# Manual changes might be lost - proceed with caution!

__metadata:
  version: 10
  cacheKey: 10c0

"@turbo/darwin-64@npm:2.10.5":
  version: 2.10.5
  resolution: "@turbo/darwin-64@npm:2.10.5"
  conditions: os=darwin & cpu=x64
  languageName: node
  linkType: hard

"@turbo/darwin-arm64@npm:2.10.5":
  version: 2.10.5
  resolution: "@turbo/darwin-arm64@npm:2.10.5"
  conditions: os=darwin & cpu=arm64
  languageName: node
  linkType: hard

"@turbo/linux-64@npm:2.10.5":
  version: 2.10.5
  resolution: "@turbo/linux-64@npm:2.10.5"
  conditions: os=linux & cpu=x64
  languageName: node
  linkType: hard

"@turbo/linux-arm64@npm:2.10.5":
  version: 2.10.5
  resolution: "@turbo/linux-arm64@npm:2.10.5"
  conditions: os=linux & cpu=arm64
  languageName: node
  linkType: hard

"@turbo/windows-64@npm:2.10.5":
  version: 2.10.5
  resolution: "@turbo/windows-64@npm:2.10.5"
  conditions: os=win32 & cpu=x64
  languageName: node
  linkType: hard

"@turbo/windows-arm64@npm:2.10.5":
  version: 2.10.5
  resolution: "@turbo/windows-arm64@npm:2.10.5"
  conditions: os=win32 & cpu=arm64
  languageName: node
  linkType: hard

"@zady/root@workspace:.":
  version: 0.0.0-use.local
  resolution: "@zady/root@workspace:."
  dependencies:
    prettier: "npm:^3.7.4"
    turbo: "npm:^2.10.5"
    typescript: "npm:5.9.2"
  languageName: unknown
  linkType: soft

"prettier@npm:^3.7.4":
  version: 3.9.5
  resolution: "prettier@npm:3.9.5"
  bin:
    prettier: bin/prettier.cjs
  checksum: 10c0/0349dd9e6d8010965de6f69e6b6ee2484b8caf78c66675afced6c75ad60ff24c3a2a4f41153fb8adeaee4d8f539641b48cebc71d283cec4d146e9962126c5ceb
  languageName: node
  linkType: hard

"turbo@npm:^2.10.5":
  version: 2.10.5
  resolution: "turbo@npm:2.10.5"
  dependencies:
    "@turbo/darwin-64": "npm:2.10.5"
    "@turbo/darwin-arm64": "npm:2.10.5"
    "@turbo/linux-64": "npm:2.10.5"
    "@turbo/linux-arm64": "npm:2.10.5"
    "@turbo/windows-64": "npm:2.10.5"
    "@turbo/windows-arm64": "npm:2.10.5"
  dependenciesMeta:
    "@turbo/darwin-64":
      optional: true
    "@turbo/darwin-arm64":
      optional: true
    "@turbo/linux-64":
      optional: true
    "@turbo/linux-arm64":
      optional: true
    "@turbo/windows-64":
      optional: true
    "@turbo/windows-arm64":
      optional: true
  bin:
    turbo: bin/turbo
  checksum: 10c0/081a8a4f4afe4026bde29ef9d0c98a1403437e9e72cd066973a82ec2f2482a1c6bd34973a997a23131520f37b9c063ba29a79583e18d0d70eeed8cd6baa1a003
  languageName: node
  linkType: hard

"typescript@npm:5.9.2":
  version: 5.9.2
  resolution: "typescript@npm:5.9.2"
  bin:
    tsc: bin/tsc
    tsserver: bin/tsserver
  checksum: 10c0/cd635d50f02d6cf98ed42de2f76289701c1ec587a363369255f01ed15aaf22be0813226bff3c53e99d971f9b540e0b3cc7583dbe05faded49b1b0bed2f638a18
  languageName: node
  linkType: hard

"typescript@patch:typescript@npm%3A5.9.2#optional!builtin<compat/typescript>":
  version: 5.9.2
  resolution: "typescript@patch:typescript@npm%3A5.9.2#optional!builtin<compat/typescript>::version=5.9.2&hash=5786d5"
  bin:
    tsc: bin/tsc
    tsserver: bin/tsserver
  checksum: 10c0/34d2a8e23eb8e0d1875072064d5e1d9c102e0bdce56a10a25c0b917b8aa9001a9cf5c225df12497e99da107dc379360bc138163c66b55b95f5b105b50578067e
  languageName: node
  linkType: hard
